
Microsoft Visual Studio Solution File, Format Version 10.00
# Visual Studio 2008
Project("{8BC9CEB8-8B4A-11D0-8D11-00A0C91BC942}") = "NexusAssignment", "NexusAssignment\NexusAssignment.vcproj", "{22EBB37A-C4B3-4C8E-8AE4-3ADB366F35C3}"
EndProject
Global
	GlobalSection(SolutionConfigurationPlatforms) = preSolution
		Debug|Win32 = Debug|Win32
		Release|Win32 = Release|Win32
	EndGlobalSection
	GlobalSection(ProjectConfigurationPlatforms) = postSolution
		{22EBB37A-C4B3-4C8E-8AE4-3ADB366F35C3}.Debug|Win32.ActiveCfg = Debug|Win32
		{22EBB37A-C4B3-4C8E-8AE4-3ADB366F35C3}.Debug|Win32.Build.0 = Debug|Win32
		{22EBB37A-C4B3-4C8E-8AE4-3ADB366F35C3}.Release|Win32.ActiveCfg = Release|Win32
		{22EBB37A-C4B3-4C8E-8AE4-3ADB366F35C3}.Release|Win32.Build.0 = Release|Win32
	EndGlobalSection
	GlobalSection(SolutionProperties) = preSolution
		HideSolutionNode = FALSE
	EndGlobalSection
EndGlobal
